<Solution>
  <Folder Name="/Solution Items/">
    <File Path="../README.md" />
    <File Path=".editorconfig" />
    <File Path="beseler-dev-web.Dockerfile" />
    <File Path="beseler-net-api.Dockerfile" />
    <File Path="beseler-net-dbdeploy.Dockerfile" />
    <File Path="beseler-net-web.Dockerfile" />
  </Folder>
  <Project Path="Beseler.AppHost/Beseler.AppHost.csproj" />
  <Project Path="Beseler.Console/Beseler.Console.csproj" />
  <Project Path="Beseler.ServiceDefaults/Beseler.ServiceDefaults.csproj" />
  <Project Path="BeselerDev.Web/BeselerDev.Web.csproj" />
  <Project Path="BeselerNet.Api/BeselerNet.Api.csproj" />
  <Project Path="BeselerNet.Shared/BeselerNet.Shared.csproj" />
  <Project Path="BeselerNet.Web/BeselerNet.Web.csproj" />
</Solution>
